// !$*UTF8*$!
{
	archiveVersion = 1;
	classes = {
	};
	objectVersion = 56;
	objects = {

/* Begin PBXBuildFile section */
		078659F72DB9371A0CA6673A /* Pods_Effective_TestTask.framework in Frameworks */ = {isa = PBXBuildFile; fileRef = 55548E9CE95F7EFC35B3F521 /* Pods_Effective_TestTask.framework */; };
		EA0B3A4329531EC600D5A23F /* AppDelegate.swift in Sources */ = {isa = PBXBuildFile; fileRef = EA0B3A4229531EC600D5A23F /* AppDelegate.swift */; };
		EA0B3A4629531F4E00D5A23F /* SceneDelegate.swift in Sources */ = {isa = PBXBuildFile; fileRef = EA0B3A4529531F4E00D5A23F /* SceneDelegate.swift */; };
		EA0B3A49295321CA00D5A23F /* Coordinator.swift in Sources */ = {isa = PBXBuildFile; fileRef = EA0B3A48295321CA00D5A23F /* Coordinator.swift */; };
		EA0B3A4B2953222800D5A23F /* ApplicationCoordinator.swift in Sources */ = {isa = PBXBuildFile; fileRef = EA0B3A4A2953222800D5A23F /* ApplicationCoordinator.swift */; };
		EA0B3A4F295323AE00D5A23F /* HomeViewCoordinator.swift in Sources */ = {isa = PBXBuildFile; fileRef = EA0B3A4E295323AE00D5A23F /* HomeViewCoordinator.swift */; };
		EA0B3A52295327E200D5A23F /* DetailView.swift in Sources */ = {isa = PBXBuildFile; fileRef = EA0B3A51295327E200D5A23F /* DetailView.swift */; };
		EA0B3A5629532B8200D5A23F /* CartView.swift in Sources */ = {isa = PBXBuildFile; fileRef = EA0B3A5529532B8200D5A23F /* CartView.swift */; };
		EA0B3A5829532C0700D5A23F /* MainFlowCoordinator.swift in Sources */ = {isa = PBXBuildFile; fileRef = EA0B3A5729532C0700D5A23F /* MainFlowCoordinator.swift */; };
		EA0B3A5D2953363A00D5A23F /* Product.swift in Sources */ = {isa = PBXBuildFile; fileRef = EA0B3A5C2953363A00D5A23F /* Product.swift */; };
		EA0B3A5F2953376700D5A23F /* DetailView + ViewModel.swift in Sources */ = {isa = PBXBuildFile; fileRef = EA0B3A5E2953376700D5A23F /* DetailView + ViewModel.swift */; };
		EA0B3A622954B22600D5A23F /* AddFavouriteButtonView.swift in Sources */ = {isa = PBXBuildFile; fileRef = EA0B3A612954B22600D5A23F /* AddFavouriteButtonView.swift */; };
		EA31EF4A2954D9A000E73C44 /* R.generated.swift in Sources */ = {isa = PBXBuildFile; fileRef = EA31EF492954D9A000E73C44 /* R.generated.swift */; };
		EA31EF4D2954DCDC00E73C44 /* UIImage + Conversions.swift in Sources */ = {isa = PBXBuildFile; fileRef = EA31EF4C2954DCDC00E73C44 /* UIImage + Conversions.swift */; };
		EAA336572952179C002B3600 /* FilterView.swift in Sources */ = {isa = PBXBuildFile; fileRef = EAA336562952179C002B3600 /* FilterView.swift */; };
		EAA3365929521A4E002B3600 /* BottomSheetViewModifier.swift in Sources */ = {isa = PBXBuildFile; fileRef = EAA3365829521A4E002B3600 /* BottomSheetViewModifier.swift */; };
		EAA3365E29522C80002B3600 /* Int + PriceConverter.swift in Sources */ = {isa = PBXBuildFile; fileRef = EAA3365D29522C80002B3600 /* Int + PriceConverter.swift */; };
		EADF5C68294B1F24005F216C /* Effective_TestTaskApp.swift in Sources */ = {isa = PBXBuildFile; fileRef = EADF5C67294B1F24005F216C /* Effective_TestTaskApp.swift */; };
		EADF5C6A294B1F24005F216C /* HomeView.swift in Sources */ = {isa = PBXBuildFile; fileRef = EADF5C69294B1F24005F216C /* HomeView.swift */; };
		EADF5C6C294B1F26005F216C /* Assets.xcassets in Resources */ = {isa = PBXBuildFile; fileRef = EADF5C6B294B1F26005F216C /* Assets.xcassets */; };
		EADF5C6F294B1F26005F216C /* Preview Assets.xcassets in Resources */ = {isa = PBXBuildFile; fileRef = EADF5C6E294B1F26005F216C /* Preview Assets.xcassets */; };
		EADF5C78294B22F4005F216C /* RequestProtocol.swift in Sources */ = {isa = PBXBuildFile; fileRef = EADF5C77294B22F4005F216C /* RequestProtocol.swift */; };
		EADF5C7A294B307A005F216C /* RequestType.swift in Sources */ = {isa = PBXBuildFile; fileRef = EADF5C79294B307A005F216C /* RequestType.swift */; };
		EADF5C7E294B31AC005F216C /* Constants.swift in Sources */ = {isa = PBXBuildFile; fileRef = EADF5C7D294B31AC005F216C /* Constants.swift */; };
		EADF5C80294B33EE005F216C /* NetworkError.swift in Sources */ = {isa = PBXBuildFile; fileRef = EADF5C7F294B33EE005F216C /* NetworkError.swift */; };
		EADF5C82294B3831005F216C /* APIManager.swift in Sources */ = {isa = PBXBuildFile; fileRef = EADF5C81294B3831005F216C /* APIManager.swift */; };
		EADF5C84294B3BFD005F216C /* RequestManager.swift in Sources */ = {isa = PBXBuildFile; fileRef = EADF5C83294B3BFD005F216C /* RequestManager.swift */; };
		EADF5C87294B40F7005F216C /* DataParser.swift in Sources */ = {isa = PBXBuildFile; fileRef = EADF5C86294B40F7005F216C /* DataParser.swift */; };
		EADF5C8B294B431C005F216C /* MainScreenRequest.swift in Sources */ = {isa = PBXBuildFile; fileRef = EADF5C8A294B431C005F216C /* MainScreenRequest.swift */; };
		EADF5C8E294B4872005F216C /* MainScreen.swift in Sources */ = {isa = PBXBuildFile; fileRef = EADF5C8D294B4872005F216C /* MainScreen.swift */; };
		EADF5C90294B48AF005F216C /* FeaturedProduct.swift in Sources */ = {isa = PBXBuildFile; fileRef = EADF5C8F294B48AF005F216C /* FeaturedProduct.swift */; };
		EADF5C92294B4E1D005F216C /* BestSeller.swift in Sources */ = {isa = PBXBuildFile; fileRef = EADF5C91294B4E1D005F216C /* BestSeller.swift */; };
		EADF5C9D294B9D18005F216C /* HomeView + ViewModel.swift in Sources */ = {isa = PBXBuildFile; fileRef = EADF5C9C294B9D18005F216C /* HomeView + ViewModel.swift */; };
		EADF5CA4294C9400005F216C /* Category.swift in Sources */ = {isa = PBXBuildFile; fileRef = EADF5CA3294C9400005F216C /* Category.swift */; };
		EADF5CA7294CABEA005F216C /* CategoryView.swift in Sources */ = {isa = PBXBuildFile; fileRef = EADF5CA6294CABEA005F216C /* CategoryView.swift */; };
		EADF5CA9294DF0B1005F216C /* UIConstants.swift in Sources */ = {isa = PBXBuildFile; fileRef = EADF5CA8294DF0B1005F216C /* UIConstants.swift */; };
		EADF5CAC294DF368005F216C /* UIColor + Conversions.swift in Sources */ = {isa = PBXBuildFile; fileRef = EADF5CAB294DF368005F216C /* UIColor + Conversions.swift */; };
		EADF5CB3294DFF36005F216C /* SearchBarView.swift in Sources */ = {isa = PBXBuildFile; fileRef = EADF5CB2294DFF36005F216C /* SearchBarView.swift */; };
		EADF5CB6294E0B9D005F216C /* Texts.swift in Sources */ = {isa = PBXBuildFile; fileRef = EADF5CB5294E0B9D005F216C /* Texts.swift */; };
		EADF5CB8294E120B005F216C /* UIApplication + Additionals.swift in Sources */ = {isa = PBXBuildFile; fileRef = EADF5CB7294E120B005F216C /* UIApplication + Additionals.swift */; };
		EADF5CBD294E1517005F216C /* CarouselBannerContainerView.swift in Sources */ = {isa = PBXBuildFile; fileRef = EADF5CBC294E1517005F216C /* CarouselBannerContainerView.swift */; };
		EADF5CBF294E1A70005F216C /* CarouselBannerView.swift in Sources */ = {isa = PBXBuildFile; fileRef = EADF5CBE294E1A70005F216C /* CarouselBannerView.swift */; };
		EADF5CC2294E2731005F216C /* RoundedBadge.swift in Sources */ = {isa = PBXBuildFile; fileRef = EADF5CC1294E2731005F216C /* RoundedBadge.swift */; };
		EADF5CC6294E320B005F216C /* RoundedRectangleButtonView.swift in Sources */ = {isa = PBXBuildFile; fileRef = EADF5CC5294E320B005F216C /* RoundedRectangleButtonView.swift */; };
		EADF5CCD294E3412005F216C /* View + Customizing.swift in Sources */ = {isa = PBXBuildFile; fileRef = EADF5CCC294E3412005F216C /* View + Customizing.swift */; };
		EADF5CD22950B9A0005F216C /* BestSellerView.swift in Sources */ = {isa = PBXBuildFile; fileRef = EADF5CD12950B9A0005F216C /* BestSellerView.swift */; };
		EADF5CD82951F6F2005F216C /* Typealiases.swift in Sources */ = {isa = PBXBuildFile; fileRef = EADF5CD72951F6F2005F216C /* Typealiases.swift */; };
		EADF5CDB2951F828005F216C /* TitleView.swift in Sources */ = {isa = PBXBuildFile; fileRef = EADF5CDA2951F828005F216C /* TitleView.swift */; };
		EADF5CDE2951F84C005F216C /* NavigationView.swift in Sources */ = {isa = PBXBuildFile; fileRef = EADF5CDD2951F84C005F216C /* NavigationView.swift */; };
		EADF5CE12951F871005F216C /* LocationView.swift in Sources */ = {isa = PBXBuildFile; fileRef = EADF5CE02951F871005F216C /* LocationView.swift */; };
		EADF5CE52951FBF2005F216C /* BottomSheetContainerView.swift in Sources */ = {isa = PBXBuildFile; fileRef = EADF5CE42951FBF2005F216C /* BottomSheetContainerView.swift */; };
		EADF5CE82951FC09005F216C /* BottomSheetType.swift in Sources */ = {isa = PBXBuildFile; fileRef = EADF5CE72951FC09005F216C /* BottomSheetType.swift */; };
		EADF5CEC2951FC6F005F216C /* FilterBottomSheetView.swift in Sources */ = {isa = PBXBuildFile; fileRef = EADF5CEB2951FC6F005F216C /* FilterBottomSheetView.swift */; };
		EADF5CEE2952061D005F216C /* SquareButtonView.swift in Sources */ = {isa = PBXBuildFile; fileRef = EADF5CED2952061D005F216C /* SquareButtonView.swift */; };
		EAE38947295650C800E23237 /* RatingView.swift in Sources */ = {isa = PBXBuildFile; fileRef = EAE38946295650C800E23237 /* RatingView.swift */; };
		EAE3894A29565A9F00E23237 /* InfoTabView.swift in Sources */ = {isa = PBXBuildFile; fileRef = EAE3894929565A9F00E23237 /* InfoTabView.swift */; };
		EAFA73EF2957419A00F47700 /* ShopTabView.swift in Sources */ = {isa = PBXBuildFile; fileRef = EAFA73EE2957419A00F47700 /* ShopTabView.swift */; };
/* End PBXBuildFile section */

/* Begin PBXFileReference section */
		55548E9CE95F7EFC35B3F521 /* Pods_Effective_TestTask.framework */ = {isa = PBXFileReference; explicitFileType = wrapper.framework; includeInIndex = 0; path = Pods_Effective_TestTask.framework; sourceTree = BUILT_PRODUCTS_DIR; };
		5698092E64FE84688AF5D2D0 /* Pods-Effective_TestTask.debug.xcconfig */ = {isa = PBXFileReference; includeInIndex = 1; lastKnownFileType = text.xcconfig; name = "Pods-Effective_TestTask.debug.xcconfig"; path = "Target Support Files/Pods-Effective_TestTask/Pods-Effective_TestTask.debug.xcconfig"; sourceTree = "<group>"; };
		CC598285B6644098F9839F65 /* Pods-Effective_TestTask.release.xcconfig */ = {isa = PBXFileReference; includeInIndex = 1; lastKnownFileType = text.xcconfig; name = "Pods-Effective_TestTask.release.xcconfig"; path = "Target Support Files/Pods-Effective_TestTask/Pods-Effective_TestTask.release.xcconfig"; sourceTree = "<group>"; };
		EA0B3A4229531EC600D5A23F /* AppDelegate.swift */ = {isa = PBXFileReference; lastKnownFileType = sourcecode.swift; path = AppDelegate.swift; sourceTree = "<group>"; };
		EA0B3A4529531F4E00D5A23F /* SceneDelegate.swift */ = {isa = PBXFileReference; lastKnownFileType = sourcecode.swift; path = SceneDelegate.swift; sourceTree = "<group>"; };
		EA0B3A48295321CA00D5A23F /* Coordinator.swift */ = {isa = PBXFileReference; lastKnownFileType = sourcecode.swift; path = Coordinator.swift; sourceTree = "<group>"; };
		EA0B3A4A2953222800D5A23F /* ApplicationCoordinator.swift */ = {isa = PBXFileReference; lastKnownFileType = sourcecode.swift; path = ApplicationCoordinator.swift; sourceTree = "<group>"; };
		EA0B3A4E295323AE00D5A23F /* HomeViewCoordinator.swift */ = {isa = PBXFileReference; lastKnownFileType = sourcecode.swift; path = HomeViewCoordinator.swift; sourceTree = "<group>"; };
		EA0B3A51295327E200D5A23F /* DetailView.swift */ = {isa = PBXFileReference; lastKnownFileType = sourcecode.swift; path = DetailView.swift; sourceTree = "<group>"; };
		EA0B3A5529532B8200D5A23F /* CartView.swift */ = {isa = PBXFileReference; lastKnownFileType = sourcecode.swift; path = CartView.swift; sourceTree = "<group>"; };
		EA0B3A5729532C0700D5A23F /* MainFlowCoordinator.swift */ = {isa = PBXFileReference; lastKnownFileType = sourcecode.swift; path = MainFlowCoordinator.swift; sourceTree = "<group>"; };
		EA0B3A5C2953363A00D5A23F /* Product.swift */ = {isa = PBXFileReference; lastKnownFileType = sourcecode.swift; path = Product.swift; sourceTree = "<group>"; };
		EA0B3A5E2953376700D5A23F /* DetailView + ViewModel.swift */ = {isa = PBXFileReference; lastKnownFileType = sourcecode.swift; path = "DetailView + ViewModel.swift"; sourceTree = "<group>"; };
		EA0B3A612954B22600D5A23F /* AddFavouriteButtonView.swift */ = {isa = PBXFileReference; lastKnownFileType = sourcecode.swift; path = AddFavouriteButtonView.swift; sourceTree = "<group>"; };
		EA31EF492954D9A000E73C44 /* R.generated.swift */ = {isa = PBXFileReference; fileEncoding = 4; lastKnownFileType = sourcecode.swift; path = R.generated.swift; sourceTree = SOURCE_ROOT; };
		EA31EF4C2954DCDC00E73C44 /* UIImage + Conversions.swift */ = {isa = PBXFileReference; lastKnownFileType = sourcecode.swift; path = "UIImage + Conversions.swift"; sourceTree = "<group>"; };
		EAA336562952179C002B3600 /* FilterView.swift */ = {isa = PBXFileReference; lastKnownFileType = sourcecode.swift; path = FilterView.swift; sourceTree = "<group>"; };
		EAA3365829521A4E002B3600 /* BottomSheetViewModifier.swift */ = {isa = PBXFileReference; lastKnownFileType = sourcecode.swift; path = BottomSheetViewModifier.swift; sourceTree = "<group>"; };
		EAA3365D29522C80002B3600 /* Int + PriceConverter.swift */ = {isa = PBXFileReference; lastKnownFileType = sourcecode.swift; path = "Int + PriceConverter.swift"; sourceTree = "<group>"; };
		EADF5C64294B1F24005F216C /* Effective_TestTask.app */ = {isa = PBXFileReference; explicitFileType = wrapper.application; includeInIndex = 0; path = Effective_TestTask.app; sourceTree = BUILT_PRODUCTS_DIR; };
		EADF5C67294B1F24005F216C /* Effective_TestTaskApp.swift */ = {isa = PBXFileReference; lastKnownFileType = sourcecode.swift; path = Effective_TestTaskApp.swift; sourceTree = "<group>"; };
		EADF5C69294B1F24005F216C /* HomeView.swift */ = {isa = PBXFileReference; lastKnownFileType = sourcecode.swift; path = HomeView.swift; sourceTree = "<group>"; };
		EADF5C6B294B1F26005F216C /* Assets.xcassets */ = {isa = PBXFileReference; lastKnownFileType = folder.assetcatalog; path = Assets.xcassets; sourceTree = "<group>"; };
		EADF5C6E294B1F26005F216C /* Preview Assets.xcassets */ = {isa = PBXFileReference; lastKnownFileType = folder.assetcatalog; path = "Preview Assets.xcassets"; sourceTree = "<group>"; };
		EADF5C77294B22F4005F216C /* RequestProtocol.swift */ = {isa = PBXFileReference; lastKnownFileType = sourcecode.swift; path = RequestProtocol.swift; sourceTree = "<group>"; };
		EADF5C79294B307A005F216C /* RequestType.swift */ = {isa = PBXFileReference; lastKnownFileType = sourcecode.swift; path = RequestType.swift; sourceTree = "<group>"; };
		EADF5C7D294B31AC005F216C /* Constants.swift */ = {isa = PBXFileReference; lastKnownFileType = sourcecode.swift; path = Constants.swift; sourceTree = "<group>"; };
		EADF5C7F294B33EE005F216C /* NetworkError.swift */ = {isa = PBXFileReference; lastKnownFileType = sourcecode.swift; path = NetworkError.swift; sourceTree = "<group>"; };
		EADF5C81294B3831005F216C /* APIManager.swift */ = {isa = PBXFileReference; lastKnownFileType = sourcecode.swift; path = APIManager.swift; sourceTree = "<group>"; };
		EADF5C83294B3BFD005F216C /* RequestManager.swift */ = {isa = PBXFileReference; lastKnownFileType = sourcecode.swift; path = RequestManager.swift; sourceTree = "<group>"; };
		EADF5C86294B40F7005F216C /* DataParser.swift */ = {isa = PBXFileReference; lastKnownFileType = sourcecode.swift; path = DataParser.swift; sourceTree = "<group>"; };
		EADF5C8A294B431C005F216C /* MainScreenRequest.swift */ = {isa = PBXFileReference; lastKnownFileType = sourcecode.swift; path = MainScreenRequest.swift; sourceTree = "<group>"; };
		EADF5C8D294B4872005F216C /* MainScreen.swift */ = {isa = PBXFileReference; lastKnownFileType = sourcecode.swift; path = MainScreen.swift; sourceTree = "<group>"; };
		EADF5C8F294B48AF005F216C /* FeaturedProduct.swift */ = {isa = PBXFileReference; lastKnownFileType = sourcecode.swift; path = FeaturedProduct.swift; sourceTree = "<group>"; };
		EADF5C91294B4E1D005F216C /* BestSeller.swift */ = {isa = PBXFileReference; lastKnownFileType = sourcecode.swift; path = BestSeller.swift; sourceTree = "<group>"; };
		EADF5C9C294B9D18005F216C /* HomeView + ViewModel.swift */ = {isa = PBXFileReference; lastKnownFileType = sourcecode.swift; path = "HomeView + ViewModel.swift"; sourceTree = "<group>"; };
		EADF5CA3294C9400005F216C /* Category.swift */ = {isa = PBXFileReference; lastKnownFileType = sourcecode.swift; path = Category.swift; sourceTree = "<group>"; };
		EADF5CA6294CABEA005F216C /* CategoryView.swift */ = {isa = PBXFileReference; lastKnownFileType = sourcecode.swift; path = CategoryView.swift; sourceTree = "<group>"; };
		EADF5CA8294DF0B1005F216C /* UIConstants.swift */ = {isa = PBXFileReference; lastKnownFileType = sourcecode.swift; path = UIConstants.swift; sourceTree = "<group>"; };
		EADF5CAB294DF368005F216C /* UIColor + Conversions.swift */ = {isa = PBXFileReference; lastKnownFileType = sourcecode.swift; path = "UIColor + Conversions.swift"; sourceTree = "<group>"; };
		EADF5CB2294DFF36005F216C /* SearchBarView.swift */ = {isa = PBXFileReference; lastKnownFileType = sourcecode.swift; path = SearchBarView.swift; sourceTree = "<group>"; };
		EADF5CB5294E0B9D005F216C /* Texts.swift */ = {isa = PBXFileReference; lastKnownFileType = sourcecode.swift; path = Texts.swift; sourceTree = "<group>"; };
		EADF5CB7294E120B005F216C /* UIApplication + Additionals.swift */ = {isa = PBXFileReference; lastKnownFileType = sourcecode.swift; path = "UIApplication + Additionals.swift"; sourceTree = "<group>"; };
		EADF5CBC294E1517005F216C /* CarouselBannerContainerView.swift */ = {isa = PBXFileReference; lastKnownFileType = sourcecode.swift; path = CarouselBannerContainerView.swift; sourceTree = "<group>"; };
		EADF5CBE294E1A70005F216C /* CarouselBannerView.swift */ = {isa = PBXFileReference; lastKnownFileType = sourcecode.swift; path = CarouselBannerView.swift; sourceTree = "<group>"; };
		EADF5CC1294E2731005F216C /* RoundedBadge.swift */ = {isa = PBXFileReference; lastKnownFileType = sourcecode.swift; path = RoundedBadge.swift; sourceTree = "<group>"; };
		EADF5CC5294E320B005F216C /* RoundedRectangleButtonView.swift */ = {isa = PBXFileReference; lastKnownFileType = sourcecode.swift; path = RoundedRectangleButtonView.swift; sourceTree = "<group>"; };
		EADF5CCC294E3412005F216C /* View + Customizing.swift */ = {isa = PBXFileReference; lastKnownFileType = sourcecode.swift; path = "View + Customizing.swift"; sourceTree = "<group>"; };
		EADF5CD12950B9A0005F216C /* BestSellerView.swift */ = {isa = PBXFileReference; lastKnownFileType = sourcecode.swift; path = BestSellerView.swift; sourceTree = "<group>"; };
		EADF5CD72951F6F2005F216C /* Typealiases.swift */ = {isa = PBXFileReference; lastKnownFileType = sourcecode.swift; path = Typealiases.swift; sourceTree = "<group>"; };
		EADF5CDA2951F828005F216C /* TitleView.swift */ = {isa = PBXFileReference; lastKnownFileType = sourcecode.swift; path = TitleView.swift; sourceTree = "<group>"; };
		EADF5CDD2951F84C005F216C /* NavigationView.swift */ = {isa = PBXFileReference; lastKnownFileType = sourcecode.swift; path = NavigationView.swift; sourceTree = "<group>"; };
		EADF5CE02951F871005F216C /* LocationView.swift */ = {isa = PBXFileReference; lastKnownFileType = sourcecode.swift; path = LocationView.swift; sourceTree = "<group>"; };
		EADF5CE42951FBF2005F216C /* BottomSheetContainerView.swift */ = {isa = PBXFileReference; lastKnownFileType = sourcecode.swift; path = BottomSheetContainerView.swift; sourceTree = "<group>"; };
		EADF5CE72951FC09005F216C /* BottomSheetType.swift */ = {isa = PBXFileReference; lastKnownFileType = sourcecode.swift; path = BottomSheetType.swift; sourceTree = "<group>"; };
		EADF5CEB2951FC6F005F216C /* FilterBottomSheetView.swift */ = {isa = PBXFileReference; lastKnownFileType = sourcecode.swift; path = FilterBottomSheetView.swift; sourceTree = "<group>"; };
		EADF5CED2952061D005F216C /* SquareButtonView.swift */ = {isa = PBXFileReference; lastKnownFileType = sourcecode.swift; path = SquareButtonView.swift; sourceTree = "<group>"; };
		EAE38946295650C800E23237 /* RatingView.swift */ = {isa = PBXFileReference; lastKnownFileType = sourcecode.swift; path = RatingView.swift; sourceTree = "<group>"; };
		EAE3894929565A9F00E23237 /* InfoTabView.swift */ = {isa = PBXFileReference; lastKnownFileType = sourcecode.swift; path = InfoTabView.swift; sourceTree = "<group>"; };
		EAFA73EE2957419A00F47700 /* ShopTabView.swift */ = {isa = PBXFileReference; lastKnownFileType = sourcecode.swift; path = ShopTabView.swift; sourceTree = "<group>"; };
/* End PBXFileReference section */

/* Begin PBXFrameworksBuildPhase section */
		EADF5C61294B1F24005F216C /* Frameworks */ = {
			isa = PBXFrameworksBuildPhase;
			buildActionMask = 2147483647;
			files = (
				078659F72DB9371A0CA6673A /* Pods_Effective_TestTask.framework in Frameworks */,
			);
			runOnlyForDeploymentPostprocessing = 0;
		};
/* End PBXFrameworksBuildPhase section */

/* Begin PBXGroup section */
		5328A637797342204CEC973F /* Pods */ = {
			isa = PBXGroup;
			children = (
				5698092E64FE84688AF5D2D0 /* Pods-Effective_TestTask.debug.xcconfig */,
				CC598285B6644098F9839F65 /* Pods-Effective_TestTask.release.xcconfig */,
			);
			path = Pods;
			sourceTree = "<group>";
		};
		E29618ACE204719EBE7EEF72 /* Frameworks */ = {
			isa = PBXGroup;
			children = (
				55548E9CE95F7EFC35B3F521 /* Pods_Effective_TestTask.framework */,
			);
			name = Frameworks;
			sourceTree = "<group>";
		};
		EA0B3A4429531EFA00D5A23F /* Delegates */ = {
			isa = PBXGroup;
			children = (
				EA0B3A4229531EC600D5A23F /* AppDelegate.swift */,
				EA0B3A4529531F4E00D5A23F /* SceneDelegate.swift */,
			);
			path = Delegates;
			sourceTree = "<group>";
		};
		EA0B3A47295321C100D5A23F /* Protocols */ = {
			isa = PBXGroup;
			children = (
				EA0B3A48295321CA00D5A23F /* Coordinator.swift */,
			);
			path = Protocols;
			sourceTree = "<group>";
		};
		EA0B3A4C2953238500D5A23F /* Coordinator */ = {
			isa = PBXGroup;
			children = (
				EA0B3A4E295323AE00D5A23F /* HomeViewCoordinator.swift */,
			);
			path = Coordinator;
			sourceTree = "<group>";
		};
		EA0B3A4D2953239800D5A23F /* Components */ = {
			isa = PBXGroup;
			children = (
				EADF5CDF2951F869005F216C /* LocationView */,
				EADF5CDC2951F841005F216C /* NavigationView */,
				EADF5CD92951F812005F216C /* TitleView */,
				EADF5CD02950B984005F216C /* BestSellerView */,
				EADF5CB1294DFF2A005F216C /* SearchBarView */,
				EADF5CA5294CABCE005F216C /* CategoryView */,
			);
			path = Components;
			sourceTree = "<group>";
		};
		EA0B3A50295327D700D5A23F /* Detail */ = {
			isa = PBXGroup;
			children = (
				EAFA73ED2957419100F47700 /* ShopTabView */,
				EAE3894829565A8900E23237 /* InfoTabView */,
				EAE38945295650BE00E23237 /* RatingView */,
				EA0B3A51295327E200D5A23F /* DetailView.swift */,
				EA0B3A5E2953376700D5A23F /* DetailView + ViewModel.swift */,
			);
			path = Detail;
			sourceTree = "<group>";
		};
		EA0B3A5329532B4200D5A23F /* Cart */ = {
			isa = PBXGroup;
			children = (
				EA0B3A5529532B8200D5A23F /* CartView.swift */,
			);
			path = Cart;
			sourceTree = "<group>";
		};
		EA0B3A5B2953360F00D5A23F /* NetworkRequests */ = {
			isa = PBXGroup;
			children = (
				EADF5C8A294B431C005F216C /* MainScreenRequest.swift */,
			);
			path = NetworkRequests;
			sourceTree = "<group>";
		};
		EAA3365C29522C71002B3600 /* Swift */ = {
			isa = PBXGroup;
			children = (
				EAA3365D29522C80002B3600 /* Int + PriceConverter.swift */,
			);
			path = Swift;
			sourceTree = "<group>";
		};
		EAA3365F29525690002B3600 /* Coordinators */ = {
			isa = PBXGroup;
			children = (
				EA0B3A4A2953222800D5A23F /* ApplicationCoordinator.swift */,
				EA0B3A5729532C0700D5A23F /* MainFlowCoordinator.swift */,
			);
			path = Coordinators;
			sourceTree = "<group>";
		};
		EADF5C5B294B1F24005F216C = {
			isa = PBXGroup;
			children = (
				EADF5C66294B1F24005F216C /* Effective_TestTask */,
				EADF5C65294B1F24005F216C /* Products */,
				5328A637797342204CEC973F /* Pods */,
				E29618ACE204719EBE7EEF72 /* Frameworks */,
			);
			sourceTree = "<group>";
		};
		EADF5C65294B1F24005F216C /* Products */ = {
			isa = PBXGroup;
			children = (
				EADF5C64294B1F24005F216C /* Effective_TestTask.app */,
			);
			name = Products;
			sourceTree = "<group>";
		};
		EADF5C66294B1F24005F216C /* Effective_TestTask */ = {
			isa = PBXGroup;
			children = (
				EADF5C93294B75E1005F216C /* App */,
				EADF5C7B294B319B005F216C /* Common */,
				EADF5C75294B22DE005F216C /* Core */,
				EADF5C94294B75E8005F216C /* Modules */,
				EADF5C6D294B1F26005F216C /* Preview Content */,
				EADF5C6B294B1F26005F216C /* Assets.xcassets */,
			);
			path = Effective_TestTask;
			sourceTree = "<group>";
		};
		EADF5C6D294B1F26005F216C /* Preview Content */ = {
			isa = PBXGroup;
			children = (
				EADF5C6E294B1F26005F216C /* Preview Assets.xcassets */,
			);
			path = "Preview Content";
			sourceTree = "<group>";
		};
		EADF5C75294B22DE005F216C /* Core */ = {
			isa = PBXGroup;
			children = (
				EA0B3A47295321C100D5A23F /* Protocols */,
				EADF5CAA294DF358005F216C /* Extensions */,
				EADF5C85294B40EF005F216C /* Parsers */,
				EADF5C76294B22E3005F216C /* Networkng */,
			);
			path = Core;
			sourceTree = "<group>";
		};
		EADF5C76294B22E3005F216C /* Networkng */ = {
			isa = PBXGroup;
			children = (
				EADF5C77294B22F4005F216C /* RequestProtocol.swift */,
				EADF5C79294B307A005F216C /* RequestType.swift */,
				EADF5C7F294B33EE005F216C /* NetworkError.swift */,
				EADF5C81294B3831005F216C /* APIManager.swift */,
				EADF5C83294B3BFD005F216C /* RequestManager.swift */,
			);
			path = Networkng;
			sourceTree = "<group>";
		};
		EADF5C7B294B319B005F216C /* Common */ = {
			isa = PBXGroup;
			children = (
				EADF5C8C294B472C005F216C /* Models */,
				EA0B3A5B2953360F00D5A23F /* NetworkRequests */,
				EADF5CD62951F6E3005F216C /* Typealiases */,
				EADF5CBB294E14E1005F216C /* Components */,
				EADF5CB4294E0B90005F216C /* Texts */,
				EADF5C7C294B31A4005F216C /* Constants */,
			);
			path = Common;
			sourceTree = "<group>";
		};
		EADF5C7C294B31A4005F216C /* Constants */ = {
			isa = PBXGroup;
			children = (
				EA31EF492954D9A000E73C44 /* R.generated.swift */,
				EADF5C7D294B31AC005F216C /* Constants.swift */,
				EADF5CA8294DF0B1005F216C /* UIConstants.swift */,
			);
			path = Constants;
			sourceTree = "<group>";
		};
		EADF5C85294B40EF005F216C /* Parsers */ = {
			isa = PBXGroup;
			children = (
				EADF5C86294B40F7005F216C /* DataParser.swift */,
			);
			path = Parsers;
			sourceTree = "<group>";
		};
		EADF5C8C294B472C005F216C /* Models */ = {
			isa = PBXGroup;
			children = (
				EADF5C8D294B4872005F216C /* MainScreen.swift */,
				EADF5C8F294B48AF005F216C /* FeaturedProduct.swift */,
				EADF5C91294B4E1D005F216C /* BestSeller.swift */,
				EADF5CA3294C9400005F216C /* Category.swift */,
				EA0B3A5C2953363A00D5A23F /* Product.swift */,
			);
			path = Models;
			sourceTree = "<group>";
		};
		EADF5C93294B75E1005F216C /* App */ = {
			isa = PBXGroup;
			children = (
				EA0B3A4429531EFA00D5A23F /* Delegates */,
				EAA3365F29525690002B3600 /* Coordinators */,
				EADF5C67294B1F24005F216C /* Effective_TestTaskApp.swift */,
			);
			path = App;
			sourceTree = "<group>";
		};
		EADF5C94294B75E8005F216C /* Modules */ = {
			isa = PBXGroup;
			children = (
				EA0B3A5329532B4200D5A23F /* Cart */,
				EA0B3A50295327D700D5A23F /* Detail */,
				EADF5C95294B75F1005F216C /* Home */,
			);
			path = Modules;
			sourceTree = "<group>";
		};
		EADF5C95294B75F1005F216C /* Home */ = {
			isa = PBXGroup;
			children = (
				EA0B3A4D2953239800D5A23F /* Components */,
				EA0B3A4C2953238500D5A23F /* Coordinator */,
				EADF5C69294B1F24005F216C /* HomeView.swift */,
				EADF5C9C294B9D18005F216C /* HomeView + ViewModel.swift */,
			);
			path = Home;
			sourceTree = "<group>";
		};
		EADF5CA5294CABCE005F216C /* CategoryView */ = {
			isa = PBXGroup;
			children = (
				EADF5CA6294CABEA005F216C /* CategoryView.swift */,
			);
			path = CategoryView;
			sourceTree = "<group>";
		};
		EADF5CAA294DF358005F216C /* Extensions */ = {
			isa = PBXGroup;
			children = (
				EAA3365C29522C71002B3600 /* Swift */,
				EADF5CCB294E3400005F216C /* SwiftUI */,
				EADF5CCA294E33F8005F216C /* UIKit */,
			);
			path = Extensions;
			sourceTree = "<group>";
		};
		EADF5CB1294DFF2A005F216C /* SearchBarView */ = {
			isa = PBXGroup;
			children = (
				EADF5CB2294DFF36005F216C /* SearchBarView.swift */,
			);
			path = SearchBarView;
			sourceTree = "<group>";
		};
		EADF5CB4294E0B90005F216C /* Texts */ = {
			isa = PBXGroup;
			children = (
				EADF5CB5294E0B9D005F216C /* Texts.swift */,
			);
			path = Texts;
			sourceTree = "<group>";
		};
		EADF5CBB294E14E1005F216C /* Components */ = {
			isa = PBXGroup;
			children = (
				EADF5CE22951FBCE005F216C /* Views */,
			);
			path = Components;
			sourceTree = "<group>";
		};
		EADF5CC0294E26DC005F216C /* CarouselBanner */ = {
			isa = PBXGroup;
			children = (
				EADF5CBC294E1517005F216C /* CarouselBannerContainerView.swift */,
				EADF5CBE294E1A70005F216C /* CarouselBannerView.swift */,
			);
			path = CarouselBanner;
			sourceTree = "<group>";
		};
		EADF5CC3294E2737005F216C /* RoundedBadge */ = {
			isa = PBXGroup;
			children = (
				EADF5CC1294E2731005F216C /* RoundedBadge.swift */,
			);
			path = RoundedBadge;
			sourceTree = "<group>";
		};
		EADF5CC4294E31D3005F216C /* Buttons */ = {
			isa = PBXGroup;
			children = (
				EADF5CC5294E320B005F216C /* RoundedRectangleButtonView.swift */,
				EADF5CED2952061D005F216C /* SquareButtonView.swift */,
				EA0B3A612954B22600D5A23F /* AddFavouriteButtonView.swift */,
			);
			path = Buttons;
			sourceTree = "<group>";
		};
		EADF5CCA294E33F8005F216C /* UIKit */ = {
			isa = PBXGroup;
			children = (
				EADF5CAB294DF368005F216C /* UIColor + Conversions.swift */,
				EADF5CB7294E120B005F216C /* UIApplication + Additionals.swift */,
				EA31EF4C2954DCDC00E73C44 /* UIImage + Conversions.swift */,
			);
			path = UIKit;
			sourceTree = "<group>";
		};
		EADF5CCB294E3400005F216C /* SwiftUI */ = {
			isa = PBXGroup;
			children = (
				EADF5CCC294E3412005F216C /* View + Customizing.swift */,
			);
			path = SwiftUI;
			sourceTree = "<group>";
		};
		EADF5CD02950B984005F216C /* BestSellerView */ = {
			isa = PBXGroup;
			children = (
				EADF5CD12950B9A0005F216C /* BestSellerView.swift */,
			);
			path = BestSellerView;
			sourceTree = "<group>";
		};
		EADF5CD62951F6E3005F216C /* Typealiases */ = {
			isa = PBXGroup;
			children = (
				EADF5CD72951F6F2005F216C /* Typealiases.swift */,
			);
			path = Typealiases;
			sourceTree = "<group>";
		};
		EADF5CD92951F812005F216C /* TitleView */ = {
			isa = PBXGroup;
			children = (
				EADF5CDA2951F828005F216C /* TitleView.swift */,
			);
			path = TitleView;
			sourceTree = "<group>";
		};
		EADF5CDC2951F841005F216C /* NavigationView */ = {
			isa = PBXGroup;
			children = (
				EADF5CDD2951F84C005F216C /* NavigationView.swift */,
			);
			path = NavigationView;
			sourceTree = "<group>";
		};
		EADF5CDF2951F869005F216C /* LocationView */ = {
			isa = PBXGroup;
			children = (
				EADF5CE02951F871005F216C /* LocationView.swift */,
			);
			path = LocationView;
			sourceTree = "<group>";
		};
		EADF5CE22951FBCE005F216C /* Views */ = {
			isa = PBXGroup;
			children = (
				EADF5CE32951FBDF005F216C /* BottomSheet */,
				EADF5CC4294E31D3005F216C /* Buttons */,
				EADF5CC3294E2737005F216C /* RoundedBadge */,
				EADF5CC0294E26DC005F216C /* CarouselBanner */,
			);
			path = Views;
			sourceTree = "<group>";
		};
		EADF5CE32951FBDF005F216C /* BottomSheet */ = {
			isa = PBXGroup;
			children = (
				EADF5CE42951FBF2005F216C /* BottomSheetContainerView.swift */,
				EADF5CE72951FC09005F216C /* BottomSheetType.swift */,
				EADF5CEB2951FC6F005F216C /* FilterBottomSheetView.swift */,
				EAA336562952179C002B3600 /* FilterView.swift */,
				EAA3365829521A4E002B3600 /* BottomSheetViewModifier.swift */,
			);
			path = BottomSheet;
			sourceTree = "<group>";
		};
		EAE38945295650BE00E23237 /* RatingView */ = {
			isa = PBXGroup;
			children = (
				EAE38946295650C800E23237 /* RatingView.swift */,
			);
			path = RatingView;
			sourceTree = "<group>";
		};
		EAE3894829565A8900E23237 /* InfoTabView */ = {
			isa = PBXGroup;
			children = (
				EAE3894929565A9F00E23237 /* InfoTabView.swift */,
			);
			path = InfoTabView;
			sourceTree = "<group>";
		};
		EAFA73ED2957419100F47700 /* ShopTabView */ = {
			isa = PBXGroup;
			children = (
				EAFA73EE2957419A00F47700 /* ShopTabView.swift */,
			);
			path = ShopTabView;
			sourceTree = "<group>";
		};
/* End PBXGroup section */

/* Begin PBXNativeTarget section */
		EADF5C63294B1F24005F216C /* Effective_TestTask */ = {
			isa = PBXNativeTarget;
			buildConfigurationList = EADF5C72294B1F26005F216C /* Build configuration list for PBXNativeTarget "Effective_TestTask" */;
			buildPhases = (
				17F784EA335CC23F86562D80 /* [CP] Check Pods Manifest.lock */,
				EA31EF462954D67A00E73C44 /* ShellScript */,
				EADF5C60294B1F24005F216C /* Sources */,
				EADF5C61294B1F24005F216C /* Frameworks */,
				EADF5C62294B1F24005F216C /* Resources */,
				5BCD397B478308FCE10345DB /* [CP] Embed Pods Frameworks */,
			);
			buildRules = (
			);
			dependencies = (
			);
			name = Effective_TestTask;
			productName = Effective_TestTask;
			productReference = EADF5C64294B1F24005F216C /* Effective_TestTask.app */;
			productType = "com.apple.product-type.application";
		};
/* End PBXNativeTarget section */

/* Begin PBXProject section */
		EADF5C5C294B1F24005F216C /* Project object */ = {
			isa = PBXProject;
			attributes = {
				BuildIndependentTargetsInParallel = 1;
				LastSwiftUpdateCheck = 1410;
				LastUpgradeCheck = 1410;
				TargetAttributes = {
					EADF5C63294B1F24005F216C = {
						CreatedOnToolsVersion = 14.1;
					};
				};
			};
			buildConfigurationList = EADF5C5F294B1F24005F216C /* Build configuration list for PBXProject "Effective_TestTask" */;
			compatibilityVersion = "Xcode 14.0";
			developmentRegion = en;
			hasScannedForEncodings = 0;
			knownRegions = (
				en,
				Base,
			);
			mainGroup = EADF5C5B294B1F24005F216C;
			productRefGroup = EADF5C65294B1F24005F216C /* Products */;
			projectDirPath = "";
			projectRoot = "";
			targets = (
				EADF5C63294B1F24005F216C /* Effective_TestTask */,
			);
		};
/* End PBXProject section */

/* Begin PBXResourcesBuildPhase section */
		EADF5C62294B1F24005F216C /* Resources */ = {
			isa = PBXResourcesBuildPhase;
			buildActionMask = 2147483647;
			files = (
				EADF5C6F294B1F26005F216C /* Preview Assets.xcassets in Resources */,
				EADF5C6C294B1F26005F216C /* Assets.xcassets in Resources */,
			);
			runOnlyForDeploymentPostprocessing = 0;
		};
/* End PBXResourcesBuildPhase section */

/* Begin PBXShellScriptBuildPhase section */
		17F784EA335CC23F86562D80 /* [CP] Check Pods Manifest.lock */ = {
			isa = PBXShellScriptBuildPhase;
			buildActionMask = 2147483647;
			files = (
			);
			inputFileListPaths = (
			);
			inputPaths = (
				"${PODS_PODFILE_DIR_PATH}/Podfile.lock",
				"${PODS_ROOT}/Manifest.lock",
			);
			name = "[CP] Check Pods Manifest.lock";
			outputFileListPaths = (
			);
			outputPaths = (
				"$(DERIVED_FILE_DIR)/Pods-Effective_TestTask-checkManifestLockResult.txt",
			);
			runOnlyForDeploymentPostprocessing = 0;
			shellPath = /bin/sh;
			shellScript = "diff \"${PODS_PODFILE_DIR_PATH}/Podfile.lock\" \"${PODS_ROOT}/Manifest.lock\" > /dev/null\nif [ $? != 0 ] ; then\n    # print error to STDERR\n    echo \"error: The sandbox is not in sync with the Podfile.lock. Run 'pod install' or update your CocoaPods installation.\" >&2\n    exit 1\nfi\n# This output is used by Xcode 'outputs' to avoid re-running this script phase.\necho \"SUCCESS\" > \"${SCRIPT_OUTPUT_FILE_0}\"\n";
			showEnvVarsInLog = 0;
		};
		5BCD397B478308FCE10345DB /* [CP] Embed Pods Frameworks */ = {
			isa = PBXShellScriptBuildPhase;
			buildActionMask = 2147483647;
			files = (
			);
			inputFileListPaths = (
				"${PODS_ROOT}/Target Support Files/Pods-Effective_TestTask/Pods-Effective_TestTask-frameworks-${CONFIGURATION}-input-files.xcfilelist",
			);
			name = "[CP] Embed Pods Frameworks";
			outputFileListPaths = (
				"${PODS_ROOT}/Target Support Files/Pods-Effective_TestTask/Pods-Effective_TestTask-frameworks-${CONFIGURATION}-output-files.xcfilelist",
			);
			runOnlyForDeploymentPostprocessing = 0;
			shellPath = /bin/sh;
			shellScript = "\"${PODS_ROOT}/Target Support Files/Pods-Effective_TestTask/Pods-Effective_TestTask-frameworks.sh\"\n";
			showEnvVarsInLog = 0;
		};
		EA31EF462954D67A00E73C44 /* ShellScript */ = {
			isa = PBXShellScriptBuildPhase;
			alwaysOutOfDate = 1;
			buildActionMask = 2147483647;
			files = (
			);
			inputFileListPaths = (
				"",
			);
			inputPaths = (
			);
			outputFileListPaths = (
			);
			outputPaths = (
				$SRCROOT/R.generated.swift,
			);
			runOnlyForDeploymentPostprocessing = 0;
			shellPath = /bin/sh;
			shellScript = "\"$PODS_ROOT/R.swift/rswift\" generate \"$SRCROOT/R.generated.swift\"\n";
		};
/* End PBXShellScriptBuildPhase section */

/* Begin PBXSourcesBuildPhase section */
		EADF5C60294B1F24005F216C /* Sources */ = {
			isa = PBXSourcesBuildPhase;
			buildActionMask = 2147483647;
			files = (
				EA0B3A5629532B8200D5A23F /* CartView.swift in Sources */,
				EADF5CBF294E1A70005F216C /* CarouselBannerView.swift in Sources */,
				EADF5CE12951F871005F216C /* LocationView.swift in Sources */,
				EA0B3A49295321CA00D5A23F /* Coordinator.swift in Sources */,
				EADF5CE52951FBF2005F216C /* BottomSheetContainerView.swift in Sources */,
				EADF5CB8294E120B005F216C /* UIApplication + Additionals.swift in Sources */,
				EAE3894A29565A9F00E23237 /* InfoTabView.swift in Sources */,
				EA0B3A52295327E200D5A23F /* DetailView.swift in Sources */,
				EAE38947295650C800E23237 /* RatingView.swift in Sources */,
				EA0B3A4329531EC600D5A23F /* AppDelegate.swift in Sources */,
				EADF5CEC2951FC6F005F216C /* FilterBottomSheetView.swift in Sources */,
				EADF5C7E294B31AC005F216C /* Constants.swift in Sources */,
				EADF5C6A294B1F24005F216C /* HomeView.swift in Sources */,
				EADF5C8B294B431C005F216C /* MainScreenRequest.swift in Sources */,
				EADF5C8E294B4872005F216C /* MainScreen.swift in Sources */,
				EADF5CE82951FC09005F216C /* BottomSheetType.swift in Sources */,
				EADF5C68294B1F24005F216C /* Effective_TestTaskApp.swift in Sources */,
				EADF5CA7294CABEA005F216C /* CategoryView.swift in Sources */,
				EADF5CA4294C9400005F216C /* Category.swift in Sources */,
				EADF5CC2294E2731005F216C /* RoundedBadge.swift in Sources */,
				EADF5C92294B4E1D005F216C /* BestSeller.swift in Sources */,
				EADF5CA9294DF0B1005F216C /* UIConstants.swift in Sources */,
				EADF5C90294B48AF005F216C /* FeaturedProduct.swift in Sources */,
				EADF5C84294B3BFD005F216C /* RequestManager.swift in Sources */,
				EADF5CCD294E3412005F216C /* View + Customizing.swift in Sources */,
				EADF5C80294B33EE005F216C /* NetworkError.swift in Sources */,
				EADF5CB3294DFF36005F216C /* SearchBarView.swift in Sources */,
				EADF5CDE2951F84C005F216C /* NavigationView.swift in Sources */,
				EADF5C78294B22F4005F216C /* RequestProtocol.swift in Sources */,
				EA31EF4A2954D9A000E73C44 /* R.generated.swift in Sources */,
				EADF5CAC294DF368005F216C /* UIColor + Conversions.swift in Sources */,
				EA0B3A5F2953376700D5A23F /* DetailView + ViewModel.swift in Sources */,
				EADF5C9D294B9D18005F216C /* HomeView + ViewModel.swift in Sources */,
				EA0B3A4F295323AE00D5A23F /* HomeViewCoordinator.swift in Sources */,
				EAA3365929521A4E002B3600 /* BottomSheetViewModifier.swift in Sources */,
				EA0B3A5829532C0700D5A23F /* MainFlowCoordinator.swift in Sources */,
				EADF5C7A294B307A005F216C /* RequestType.swift in Sources */,
				EA0B3A4629531F4E00D5A23F /* SceneDelegate.swift in Sources */,
				EADF5C82294B3831005F216C /* APIManager.swift in Sources */,
				EA0B3A622954B22600D5A23F /* AddFavouriteButtonView.swift in Sources */,
				EADF5CC6294E320B005F216C /* RoundedRectangleButtonView.swift in Sources */,
				EADF5CB6294E0B9D005F216C /* Texts.swift in Sources */,
				EADF5CEE2952061D005F216C /* SquareButtonView.swift in Sources */,
				EADF5CBD294E1517005F216C /* CarouselBannerContainerView.swift in Sources */,
				EADF5C87294B40F7005F216C /* DataParser.swift in Sources */,
				EADF5CD82951F6F2005F216C /* Typealiases.swift in Sources */,
				EADF5CD22950B9A0005F216C /* BestSellerView.swift in Sources */,
				EA31EF4D2954DCDC00E73C44 /* UIImage + Conversions.swift in Sources */,
				EAA3365E29522C80002B3600 /* Int + PriceConverter.swift in Sources */,
				EADF5CDB2951F828005F216C /* TitleView.swift in Sources */,
				EAFA73EF2957419A00F47700 /* ShopTabView.swift in Sources */,
				EAA336572952179C002B3600 /* FilterView.swift in Sources */,
				EA0B3A4B2953222800D5A23F /* ApplicationCoordinator.swift in Sources */,
				EA0B3A5D2953363A00D5A23F /* Product.swift in Sources */,
			);
			runOnlyForDeploymentPostprocessing = 0;
		};
/* End PBXSourcesBuildPhase section */

/* Begin XCBuildConfiguration section */
		EADF5C70294B1F26005F216C /* Debug */ = {
			isa = XCBuildConfiguration;
			buildSettings = {
				ALWAYS_SEARCH_USER_PATHS = NO;
				CLANG_ANALYZER_NONNULL = YES;
				CLANG_ANALYZER_NUMBER_OBJECT_CONVERSION = YES_AGGRESSIVE;
				CLANG_CXX_LANGUAGE_STANDARD = "gnu++20";
				CLANG_ENABLE_MODULES = YES;
				CLANG_ENABLE_OBJC_ARC = YES;
				CLANG_ENABLE_OBJC_WEAK = YES;
				CLANG_WARN_BLOCK_CAPTURE_AUTORELEASING = YES;
				CLANG_WARN_BOOL_CONVERSION = YES;
				CLANG_WARN_COMMA = YES;
				CLANG_WARN_CONSTANT_CONVERSION = YES;
				CLANG_WARN_DEPRECATED_OBJC_IMPLEMENTATIONS = YES;
				CLANG_WARN_DIRECT_OBJC_ISA_USAGE = YES_ERROR;
				CLANG_WARN_DOCUMENTATION_COMMENTS = YES;
				CLANG_WARN_EMPTY_BODY = YES;
				CLANG_WARN_ENUM_CONVERSION = YES;
				CLANG_WARN_INFINITE_RECURSION = YES;
				CLANG_WARN_INT_CONVERSION = YES;
				CLANG_WARN_NON_LITERAL_NULL_CONVERSION = YES;
				CLANG_WARN_OBJC_IMPLICIT_RETAIN_SELF = YES;
				CLANG_WARN_OBJC_LITERAL_CONVERSION = YES;
				CLANG_WARN_OBJC_ROOT_CLASS = YES_ERROR;
				CLANG_WARN_QUOTED_INCLUDE_IN_FRAMEWORK_HEADER = YES;
				CLANG_WARN_RANGE_LOOP_ANALYSIS = YES;
				CLANG_WARN_STRICT_PROTOTYPES = YES;
				CLANG_WARN_SUSPICIOUS_MOVE = YES;
				CLANG_WARN_UNGUARDED_AVAILABILITY = YES_AGGRESSIVE;
				CLANG_WARN_UNREACHABLE_CODE = YES;
				CLANG_WARN__DUPLICATE_METHOD_MATCH = YES;
				COPY_PHASE_STRIP = NO;
				DEBUG_INFORMATION_FORMAT = dwarf;
				ENABLE_STRICT_OBJC_MSGSEND = YES;
				ENABLE_TESTABILITY = YES;
				GCC_C_LANGUAGE_STANDARD = gnu11;
				GCC_DYNAMIC_NO_PIC = NO;
				GCC_NO_COMMON_BLOCKS = YES;
				GCC_OPTIMIZATION_LEVEL = 0;
				GCC_PREPROCESSOR_DEFINITIONS = (
					"DEBUG=1",
					"$(inherited)",
				);
				GCC_WARN_64_TO_32_BIT_CONVERSION = YES;
				GCC_WARN_ABOUT_RETURN_TYPE = YES_ERROR;
				GCC_WARN_UNDECLARED_SELECTOR = YES;
				GCC_WARN_UNINITIALIZED_AUTOS = YES_AGGRESSIVE;
				GCC_WARN_UNUSED_FUNCTION = YES;
				GCC_WARN_UNUSED_VARIABLE = YES;
				IPHONEOS_DEPLOYMENT_TARGET = 16.1;
				MTL_ENABLE_DEBUG_INFO = INCLUDE_SOURCE;
				MTL_FAST_MATH = YES;
				ONLY_ACTIVE_ARCH = YES;
				SDKROOT = iphoneos;
				SWIFT_ACTIVE_COMPILATION_CONDITIONS = DEBUG;
				SWIFT_OPTIMIZATION_LEVEL = "-Onone";
			};
			name = Debug;
		};
		EADF5C71294B1F26005F216C /* Release */ = {
			isa = XCBuildConfiguration;
			buildSettings = {
				ALWAYS_SEARCH_USER_PATHS = NO;
				CLANG_ANALYZER_NONNULL = YES;
				CLANG_ANALYZER_NUMBER_OBJECT_CONVERSION = YES_AGGRESSIVE;
				CLANG_CXX_LANGUAGE_STANDARD = "gnu++20";
				CLANG_ENABLE_MODULES = YES;
				CLANG_ENABLE_OBJC_ARC = YES;
				CLANG_ENABLE_OBJC_WEAK = YES;
				CLANG_WARN_BLOCK_CAPTURE_AUTORELEASING = YES;
				CLANG_WARN_BOOL_CONVERSION = YES;
				CLANG_WARN_COMMA = YES;
				CLANG_WARN_CONSTANT_CONVERSION = YES;
				CLANG_WARN_DEPRECATED_OBJC_IMPLEMENTATIONS = YES;
				CLANG_WARN_DIRECT_OBJC_ISA_USAGE = YES_ERROR;
				CLANG_WARN_DOCUMENTATION_COMMENTS = YES;
				CLANG_WARN_EMPTY_BODY = YES;
				CLANG_WARN_ENUM_CONVERSION = YES;
				CLANG_WARN_INFINITE_RECURSION = YES;
				CLANG_WARN_INT_CONVERSION = YES;
				CLANG_WARN_NON_LITERAL_NULL_CONVERSION = YES;
				CLANG_WARN_OBJC_IMPLICIT_RETAIN_SELF = YES;
				CLANG_WARN_OBJC_LITERAL_CONVERSION = YES;
				CLANG_WARN_OBJC_ROOT_CLASS = YES_ERROR;
				CLANG_WARN_QUOTED_INCLUDE_IN_FRAMEWORK_HEADER = YES;
				CLANG_WARN_RANGE_LOOP_ANALYSIS = YES;
				CLANG_WARN_STRICT_PROTOTYPES = YES;
				CLANG_WARN_SUSPICIOUS_MOVE = YES;
				CLANG_WARN_UNGUARDED_AVAILABILITY = YES_AGGRESSIVE;
				CLANG_WARN_UNREACHABLE_CODE = YES;
				CLANG_WARN__DUPLICATE_METHOD_MATCH = YES;
				COPY_PHASE_STRIP = NO;
				DEBUG_INFORMATION_FORMAT = "dwarf-with-dsym";
				ENABLE_NS_ASSERTIONS = NO;
				ENABLE_STRICT_OBJC_MSGSEND = YES;
				GCC_C_LANGUAGE_STANDARD = gnu11;
				GCC_NO_COMMON_BLOCKS = YES;
				GCC_WARN_64_TO_32_BIT_CONVERSION = YES;
				GCC_WARN_ABOUT_RETURN_TYPE = YES_ERROR;
				GCC_WARN_UNDECLARED_SELECTOR = YES;
				GCC_WARN_UNINITIALIZED_AUTOS = YES_AGGRESSIVE;
				GCC_WARN_UNUSED_FUNCTION = YES;
				GCC_WARN_UNUSED_VARIABLE = YES;
				IPHONEOS_DEPLOYMENT_TARGET = 16.1;
				MTL_ENABLE_DEBUG_INFO = NO;
				MTL_FAST_MATH = YES;
				SDKROOT = iphoneos;
				SWIFT_COMPILATION_MODE = wholemodule;
				SWIFT_OPTIMIZATION_LEVEL = "-O";
				VALIDATE_PRODUCT = YES;
			};
			name = Release;
		};
		EADF5C73294B1F26005F216C /* Debug */ = {
			isa = XCBuildConfiguration;
			baseConfigurationReference = 5698092E64FE84688AF5D2D0 /* Pods-Effective_TestTask.debug.xcconfig */;
			buildSettings = {
				ASSETCATALOG_COMPILER_APPICON_NAME = AppIcon;
				ASSETCATALOG_COMPILER_GLOBAL_ACCENT_COLOR_NAME = AccentColor;
				CODE_SIGN_STYLE = Automatic;
				CURRENT_PROJECT_VERSION = 1;
				DEVELOPMENT_ASSET_PATHS = "\"Effective_TestTask/Preview Content\"";
				DEVELOPMENT_TEAM = U4KL3S3U8D;
				ENABLE_PREVIEWS = YES;
				GENERATE_INFOPLIST_FILE = YES;
				INFOPLIST_KEY_UIApplicationSceneManifest_Generation = YES;
				INFOPLIST_KEY_UIApplicationSupportsIndirectInputEvents = YES;
				INFOPLIST_KEY_UILaunchScreen_Generation = YES;
				INFOPLIST_KEY_UISupportedInterfaceOrientations_iPad = "UIInterfaceOrientationPortrait UIInterfaceOrientationPortraitUpsideDown UIInterfaceOrientationLandscapeLeft UIInterfaceOrientationLandscapeRight";
				INFOPLIST_KEY_UISupportedInterfaceOrientations_iPhone = "UIInterfaceOrientationPortrait UIInterfaceOrientationLandscapeLeft UIInterfaceOrientationLandscapeRight";
				LD_RUNPATH_SEARCH_PATHS = (
					"$(inherited)",
					"@executable_path/Frameworks",
				);
				MARKETING_VERSION = 1.0;
				PRODUCT_BUNDLE_IDENTIFIER = "Alexander-Zubach.Effective-TestTask";
				PRODUCT_NAME = "$(TARGET_NAME)";
				SWIFT_EMIT_LOC_STRINGS = YES;
				SWIFT_VERSION = 5.0;
				TARGETED_DEVICE_FAMILY = "1,2";
			};
			name = Debug;
		};
		EADF5C74294B1F26005F216C /* Release */ = {
			isa = XCBuildConfiguration;
			baseConfigurationReference = CC598285B6644098F9839F65 /* Pods-Effective_TestTask.release.xcconfig */;
			buildSettings = {
				ASSETCATALOG_COMPILER_APPICON_NAME = AppIcon;
				ASSETCATALOG_COMPILER_GLOBAL_ACCENT_COLOR_NAME = AccentColor;
				CODE_SIGN_STYLE = Automatic;
				CURRENT_PROJECT_VERSION = 1;
				DEVELOPMENT_ASSET_PATHS = "\"Effective_TestTask/Preview Content\"";
				DEVELOPMENT_TEAM = U4KL3S3U8D;
				ENABLE_PREVIEWS = YES;
				GENERATE_INFOPLIST_FILE = YES;
				INFOPLIST_KEY_UIApplicationSceneManifest_Generation = YES;
				INFOPLIST_KEY_UIApplicationSupportsIndirectInputEvents = YES;
				INFOPLIST_KEY_UILaunchScreen_Generation = YES;
				INFOPLIST_KEY_UISupportedInterfaceOrientations_iPad = "UIInterfaceOrientationPortrait UIInterfaceOrientationPortraitUpsideDown UIInterfaceOrientationLandscapeLeft UIInterfaceOrientationLandscapeRight";
				INFOPLIST_KEY_UISupportedInterfaceOrientations_iPhone = "UIInterfaceOrientationPortrait UIInterfaceOrientationLandscapeLeft UIInterfaceOrientationLandscapeRight";
				LD_RUNPATH_SEARCH_PATHS = (
					"$(inherited)",
					"@executable_path/Frameworks",
				);
				MARKETING_VERSION = 1.0;
				PRODUCT_BUNDLE_IDENTIFIER = "Alexander-Zubach.Effective-TestTask";
				PRODUCT_NAME = "$(TARGET_NAME)";
				SWIFT_EMIT_LOC_STRINGS = YES;
				SWIFT_VERSION = 5.0;
				TARGETED_DEVICE_FAMILY = "1,2";
			};
			name = Release;
		};
/* End XCBuildConfiguration section */

/* Begin XCConfigurationList section */
		EADF5C5F294B1F24005F216C /* Build configuration list for PBXProject "Effective_TestTask" */ = {
			isa = XCConfigurationList;
			buildConfigurations = (
				EADF5C70294B1F26005F216C /* Debug */,
				EADF5C71294B1F26005F216C /* Release */,
			);
			defaultConfigurationIsVisible = 0;
			defaultConfigurationName = Release;
		};
		EADF5C72294B1F26005F216C /* Build configuration list for PBXNativeTarget "Effective_TestTask" */ = {
			isa = XCConfigurationList;
			buildConfigurations = (
				EADF5C73294B1F26005F216C /* Debug */,
				EADF5C74294B1F26005F216C /* Release */,
			);
			defaultConfigurationIsVisible = 0;
			defaultConfigurationName = Release;
		};
/* End XCConfigurationList section */
	};
	rootObject = EADF5C5C294B1F24005F216C /* Project object */;
}
